<?xml version="1.0" encoding="UTF-8" standalone="yes" ?>
<CodeBlocks_project_file>
	<FileVersion major="1" minor="6" />
	<Project>
		<Option title="ragnorokrb" />
		<Option pch_mode="2" />
		<Option compiler="gcc" />
		<Build>
			<Target title="Debug">
				<Option output="bin/Debug/ragnorokrb" prefix_auto="1" extension_auto="1" />
				<Option object_output="obj/Debug/" />
				<Option type="1" />
				<Option compiler="gcc" />
				<Compiler>
					<Add option="-g" />
				</Compiler>
			</Target>
			<Target title="Release">
				<Option output="bin/Release/ragnorokrb" prefix_auto="1" extension_auto="1" />
				<Option object_output="obj/Release/" />
				<Option type="1" />
				<Option compiler="gcc" />
				<Compiler>
					<Add option="-O2" />
				</Compiler>
				<Linker>
					<Add option="-s" />
				</Linker>
			</Target>
		</Build>
		<Compiler>
			<Add option="-Wall" />
		</Compiler>
		<Unit filename="common_inclusions.h" />
		<Unit filename="game_engine.hpp" />
		<Unit filename="game_entites_inventory.cpp" />
		<Unit filename="game_entities.h" />
		<Unit filename="game_entities_constructor.cpp" />
		<Unit filename="game_entities_destructor.cpp" />
		<Unit filename="game_entities_return-set.cpp" />
		<Unit filename="game_entitiy_give-entity.cpp" />
		<Unit filename="game_int2str.h" />
		<Unit filename="game_overlord.hpp" />
		<Unit filename="game_overlord_add.cpp" />
		<Unit filename="game_overlord_attack.cpp" />
		<Unit filename="game_overlord_constructor.cpp" />
		<Unit filename="game_overlord_destructor.cpp" />
		<Unit filename="game_save_destructor.cpp" />
		<Unit filename="game_save_find.cpp" />
		<Unit filename="game_saves.hpp" />
		<Unit filename="game_saves_constructor.cpp" />
		<Unit filename="game_saves_load.cpp" />
		<Unit filename="game_saves_new-entitiy.cpp" />
		<Unit filename="game_saves_write.cpp" />
		<Unit filename="items.h" />
		<Unit filename="main.cpp" />
		<Extensions>
			<code_completion />
			<debugger />
		</Extensions>
	</Project>
</CodeBlocks_project_file>
